
Microsoft Visual Studio Solution File, Format Version 12.00
# Visual Studio Version 16
VisualStudioVersion = 16.0.29306.81
MinimumVisualStudioVersion = 10.0.40219.1
Project("{2150E333-8FDC-42A3-9474-1A3956D46DE8}") = "Solution Items", "Solution Items", "{8D9D6123-121E-4B2E-AFC0-D68579083636}"
	ProjectSection(SolutionItems) = preProject
		README.md = README.md
		..\Solution.props = ..\Solution.props
	EndProjectSection
EndProject
Project("{8BC9CEB8-8B4A-11D0-8D11-00A0C91BC942}") = "MFCApp", "Samples\MFC\MFCApp\MFCApp.vcxproj", "{6015BB1C-72D3-47C6-8ED0-CCA1F80CEF27}"
	ProjectSection(ProjectDependencies) = postProject
		{C4B7649D-C389-4F2C-B0B8-B55A08C8133F} = {C4B7649D-C389-4F2C-B0B8-B55A08C8133F}
	EndProjectSection
EndProject
Project("{C7167F0D-BC9F-4E6E-AFE1-012C56B48DB5}") = "MFCApp.Package", "Samples\MFC\MFCApp.Package\MFCApp.Package.wapproj", "{801364B6-6FFB-4410-A0E6-65D04F566EF7}"
EndProject
Project("{8BC9CEB8-8B4A-11D0-8D11-00A0C91BC942}") = "MyApp", "Samples\Native\MyApp\MyApp.vcxproj", "{C4B7649D-C389-4F2C-B0B8-B55A08C8133F}"
EndProject
Project("{8BC9CEB8-8B4A-11D0-8D11-00A0C91BC942}") = "SampleUserControl", "Samples\Native\SampleUserControl\SampleUserControl.vcxproj", "{B6B66DBA-C720-4407-B490-6AE3FC2870FC}"
EndProject
Project("{FAE04EC0-301F-11D3-BF4B-00C04F79EFBC}") = "SampleLibraryCS", "Samples\Managed\SampleLibraryCS\SampleLibraryCS.csproj", "{92A2AC96-B414-455E-AFE3-A6872591DB93}"
EndProject
Global
	GlobalSection(SolutionConfigurationPlatforms) = preSolution
		Debug|Any CPU = Debug|Any CPU
		Debug|ARM = Debug|ARM
		Debug|ARM64 = Debug|ARM64
		Debug|x64 = Debug|x64
		Debug|x86 = Debug|x86
		Release|Any CPU = Release|Any CPU
		Release|ARM = Release|ARM
		Release|ARM64 = Release|ARM64
		Release|x64 = Release|x64
		Release|x86 = Release|x86
	EndGlobalSection
	GlobalSection(ProjectConfigurationPlatforms) = postSolution
		{6015BB1C-72D3-47C6-8ED0-CCA1F80CEF27}.Debug|Any CPU.ActiveCfg = Debug|Win32
		{6015BB1C-72D3-47C6-8ED0-CCA1F80CEF27}.Debug|ARM.ActiveCfg = Debug|Win32
		{6015BB1C-72D3-47C6-8ED0-CCA1F80CEF27}.Debug|ARM64.ActiveCfg = Debug|Win32
		{6015BB1C-72D3-47C6-8ED0-CCA1F80CEF27}.Debug|x64.ActiveCfg = Debug|x64
		{6015BB1C-72D3-47C6-8ED0-CCA1F80CEF27}.Debug|x64.Build.0 = Debug|x64
		{6015BB1C-72D3-47C6-8ED0-CCA1F80CEF27}.Debug|x86.ActiveCfg = Debug|Win32
		{6015BB1C-72D3-47C6-8ED0-CCA1F80CEF27}.Debug|x86.Build.0 = Debug|Win32
		{6015BB1C-72D3-47C6-8ED0-CCA1F80CEF27}.Release|Any CPU.ActiveCfg = Release|Win32
		{6015BB1C-72D3-47C6-8ED0-CCA1F80CEF27}.Release|ARM.ActiveCfg = Release|Win32
		{6015BB1C-72D3-47C6-8ED0-CCA1F80CEF27}.Release|ARM64.ActiveCfg = Release|Win32
		{6015BB1C-72D3-47C6-8ED0-CCA1F80CEF27}.Release|x64.ActiveCfg = Release|x64
		{6015BB1C-72D3-47C6-8ED0-CCA1F80CEF27}.Release|x64.Build.0 = Release|x64
		{6015BB1C-72D3-47C6-8ED0-CCA1F80CEF27}.Release|x86.ActiveCfg = Release|Win32
		{6015BB1C-72D3-47C6-8ED0-CCA1F80CEF27}.Release|x86.Build.0 = Release|Win32
		{801364B6-6FFB-4410-A0E6-65D04F566EF7}.Debug|Any CPU.ActiveCfg = Debug|Any CPU
		{801364B6-6FFB-4410-A0E6-65D04F566EF7}.Debug|Any CPU.Build.0 = Debug|Any CPU
		{801364B6-6FFB-4410-A0E6-65D04F566EF7}.Debug|Any CPU.Deploy.0 = Debug|Any CPU
		{801364B6-6FFB-4410-A0E6-65D04F566EF7}.Debug|ARM.ActiveCfg = Debug|ARM
		{801364B6-6FFB-4410-A0E6-65D04F566EF7}.Debug|ARM.Build.0 = Debug|ARM
		{801364B6-6FFB-4410-A0E6-65D04F566EF7}.Debug|ARM.Deploy.0 = Debug|ARM
		{801364B6-6FFB-4410-A0E6-65D04F566EF7}.Debug|ARM64.ActiveCfg = Debug|ARM64
		{801364B6-6FFB-4410-A0E6-65D04F566EF7}.Debug|ARM64.Build.0 = Debug|ARM64
		{801364B6-6FFB-4410-A0E6-65D04F566EF7}.Debug|ARM64.Deploy.0 = Debug|ARM64
		{801364B6-6FFB-4410-A0E6-65D04F566EF7}.Debug|x64.ActiveCfg = Debug|x64
		{801364B6-6FFB-4410-A0E6-65D04F566EF7}.Debug|x64.Build.0 = Debug|x64
		{801364B6-6FFB-4410-A0E6-65D04F566EF7}.Debug|x64.Deploy.0 = Debug|x64
		{801364B6-6FFB-4410-A0E6-65D04F566EF7}.Debug|x86.ActiveCfg = Debug|x86
		{801364B6-6FFB-4410-A0E6-65D04F566EF7}.Debug|x86.Build.0 = Debug|x86
		{801364B6-6FFB-4410-A0E6-65D04F566EF7}.Debug|x86.Deploy.0 = Debug|x86
		{801364B6-6FFB-4410-A0E6-65D04F566EF7}.Release|Any CPU.ActiveCfg = Release|Any CPU
		{801364B6-6FFB-4410-A0E6-65D04F566EF7}.Release|Any CPU.Build.0 = Release|Any CPU
		{801364B6-6FFB-4410-A0E6-65D04F566EF7}.Release|Any CPU.Deploy.0 = Release|Any CPU
		{801364B6-6FFB-4410-A0E6-65D04F566EF7}.Release|ARM.ActiveCfg = Release|ARM
		{801364B6-6FFB-4410-A0E6-65D04F566EF7}.Release|ARM.Build.0 = Release|ARM
		{801364B6-6FFB-4410-A0E6-65D04F566EF7}.Release|ARM.Deploy.0 = Release|ARM
		{801364B6-6FFB-4410-A0E6-65D04F566EF7}.Release|ARM64.ActiveCfg = Release|ARM64
		{801364B6-6FFB-4410-A0E6-65D04F566EF7}.Release|ARM64.Build.0 = Release|ARM64
		{801364B6-6FFB-4410-A0E6-65D04F566EF7}.Release|ARM64.Deploy.0 = Release|ARM64
		{801364B6-6FFB-4410-A0E6-65D04F566EF7}.Release|x64.ActiveCfg = Release|x64
		{801364B6-6FFB-4410-A0E6-65D04F566EF7}.Release|x64.Build.0 = Release|x64
		{801364B6-6FFB-4410-A0E6-65D04F566EF7}.Release|x64.Deploy.0 = Release|x64
		{801364B6-6FFB-4410-A0E6-65D04F566EF7}.Release|x86.ActiveCfg = Release|x86
		{801364B6-6FFB-4410-A0E6-65D04F566EF7}.Release|x86.Build.0 = Release|x86
		{801364B6-6FFB-4410-A0E6-65D04F566EF7}.Release|x86.Deploy.0 = Release|x86
		{C4B7649D-C389-4F2C-B0B8-B55A08C8133F}.Debug|Any CPU.ActiveCfg = Debug|Win32
		{C4B7649D-C389-4F2C-B0B8-B55A08C8133F}.Debug|ARM.ActiveCfg = Debug|Win32
		{C4B7649D-C389-4F2C-B0B8-B55A08C8133F}.Debug|ARM64.ActiveCfg = Debug|Win32
		{C4B7649D-C389-4F2C-B0B8-B55A08C8133F}.Debug|x64.ActiveCfg = Debug|x64
		{C4B7649D-C389-4F2C-B0B8-B55A08C8133F}.Debug|x64.Build.0 = Debug|x64
		{C4B7649D-C389-4F2C-B0B8-B55A08C8133F}.Debug|x64.Deploy.0 = Debug|x64
		{C4B7649D-C389-4F2C-B0B8-B55A08C8133F}.Debug|x86.ActiveCfg = Debug|Win32
		{C4B7649D-C389-4F2C-B0B8-B55A08C8133F}.Debug|x86.Build.0 = Debug|Win32
		{C4B7649D-C389-4F2C-B0B8-B55A08C8133F}.Debug|x86.Deploy.0 = Debug|Win32
		{C4B7649D-C389-4F2C-B0B8-B55A08C8133F}.Release|Any CPU.ActiveCfg = Release|Win32
		{C4B7649D-C389-4F2C-B0B8-B55A08C8133F}.Release|ARM.ActiveCfg = Release|Win32
		{C4B7649D-C389-4F2C-B0B8-B55A08C8133F}.Release|ARM64.ActiveCfg = Release|Win32
		{C4B7649D-C389-4F2C-B0B8-B55A08C8133F}.Release|x64.ActiveCfg = Release|x64
		{C4B7649D-C389-4F2C-B0B8-B55A08C8133F}.Release|x64.Build.0 = Release|x64
		{C4B7649D-C389-4F2C-B0B8-B55A08C8133F}.Release|x64.Deploy.0 = Release|x64
		{C4B7649D-C389-4F2C-B0B8-B55A08C8133F}.Release|x86.ActiveCfg = Release|Win32
		{C4B7649D-C389-4F2C-B0B8-B55A08C8133F}.Release|x86.Build.0 = Release|Win32
		{C4B7649D-C389-4F2C-B0B8-B55A08C8133F}.Release|x86.Deploy.0 = Release|Win32
		{B6B66DBA-C720-4407-B490-6AE3FC2870FC}.Debug|Any CPU.ActiveCfg = Debug|Win32
		{B6B66DBA-C720-4407-B490-6AE3FC2870FC}.Debug|ARM.ActiveCfg = Debug|Win32
		{B6B66DBA-C720-4407-B490-6AE3FC2870FC}.Debug|ARM64.ActiveCfg = Debug|Win32
		{B6B66DBA-C720-4407-B490-6AE3FC2870FC}.Debug|x64.ActiveCfg = Debug|x64
		{B6B66DBA-C720-4407-B490-6AE3FC2870FC}.Debug|x64.Build.0 = Debug|x64
		{B6B66DBA-C720-4407-B490-6AE3FC2870FC}.Debug|x86.ActiveCfg = Debug|Win32
		{B6B66DBA-C720-4407-B490-6AE3FC2870FC}.Debug|x86.Build.0 = Debug|Win32
		{B6B66DBA-C720-4407-B490-6AE3FC2870FC}.Release|Any CPU.ActiveCfg = Release|Win32
		{B6B66DBA-C720-4407-B490-6AE3FC2870FC}.Release|ARM.ActiveCfg = Release|Win32
		{B6B66DBA-C720-4407-B490-6AE3FC2870FC}.Release|ARM64.ActiveCfg = Release|Win32
		{B6B66DBA-C720-4407-B490-6AE3FC2870FC}.Release|x64.ActiveCfg = Release|x64
		{B6B66DBA-C720-4407-B490-6AE3FC2870FC}.Release|x64.Build.0 = Release|x64
		{B6B66DBA-C720-4407-B490-6AE3FC2870FC}.Release|x86.ActiveCfg = Release|Win32
		{B6B66DBA-C720-4407-B490-6AE3FC2870FC}.Release|x86.Build.0 = Release|Win32
		{92A2AC96-B414-455E-AFE3-A6872591DB93}.Debug|Any CPU.ActiveCfg = Debug|x86
		{92A2AC96-B414-455E-AFE3-A6872591DB93}.Debug|ARM.ActiveCfg = Debug|x86
		{92A2AC96-B414-455E-AFE3-A6872591DB93}.Debug|ARM64.ActiveCfg = Debug|x86
		{92A2AC96-B414-455E-AFE3-A6872591DB93}.Debug|x64.ActiveCfg = Debug|x64
		{92A2AC96-B414-455E-AFE3-A6872591DB93}.Debug|x64.Build.0 = Debug|x64
		{92A2AC96-B414-455E-AFE3-A6872591DB93}.Debug|x86.ActiveCfg = Debug|x86
		{92A2AC96-B414-455E-AFE3-A6872591DB93}.Debug|x86.Build.0 = Debug|x86
		{92A2AC96-B414-455E-AFE3-A6872591DB93}.Release|Any CPU.ActiveCfg = Release|x86
		{92A2AC96-B414-455E-AFE3-A6872591DB93}.Release|ARM.ActiveCfg = Release|x86
		{92A2AC96-B414-455E-AFE3-A6872591DB93}.Release|ARM64.ActiveCfg = Release|x86
		{92A2AC96-B414-455E-AFE3-A6872591DB93}.Release|x64.ActiveCfg = Release|x64
		{92A2AC96-B414-455E-AFE3-A6872591DB93}.Release|x64.Build.0 = Release|x64
		{92A2AC96-B414-455E-AFE3-A6872591DB93}.Release|x86.ActiveCfg = Release|x86
		{92A2AC96-B414-455E-AFE3-A6872591DB93}.Release|x86.Build.0 = Release|x86
	EndGlobalSection
	GlobalSection(SolutionProperties) = preSolution
		HideSolutionNode = FALSE
	EndGlobalSection
	GlobalSection(ExtensibilityGlobals) = postSolution
		SolutionGuid = {CF36CFC1-8C4B-49BC-9C25-B609D461F1A8}
	EndGlobalSection
EndGlobal
