
Microsoft Visual Studio Solution File, Format Version 12.00
# Visual Studio Version 16
VisualStudioVersion = 16.0.29123.89
MinimumVisualStudioVersion = 10.0.40219.1
Project("{9A19103F-16F7-4668-BE54-9A1E7A4F7556}") = "WPF_XAMLIslands_v1", "Samples\WPF\WPF_XAMLIslands_v1\WPF_XAMLIslands_v1.csproj", "{832E0751-9446-42BB-BAB4-E0E86DAA86B7}"
EndProject
Project("{C7167F0D-BC9F-4E6E-AFE1-012C56B48DB5}") = "WAP", "Samples\WPF\WAP\WAP.wapproj", "{20ADB7D3-915D-4150-9E3F-C64DD6677190}"
EndProject
Project("{FAE04EC0-301F-11D3-BF4B-00C04F79EFBC}") = "UWPApplication", "Samples\Managed\UWPApplication\UWPApplication.csproj", "{D9AAF34D-274B-4481-BA7A-261A91735329}"
EndProject
Project("{9A19103F-16F7-4668-BE54-9A1E7A4F7556}") = "Helpers", "Samples\Managed\Helpers\Helpers.csproj", "{5ABF3A30-B0F5-44D7-AEFC-414B90AD4F97}"
EndProject
Project("{8BC9CEB8-8B4A-11D0-8D11-00A0C91BC942}") = "Native_SwapChainPanel_Comp", "Samples\Native\Native_SwapChainPanel_Comp\Native_SwapChainPanel_Comp.vcxproj", "{C3969D6C-706F-4AEC-93A2-BF9D3C9C459C}"
EndProject
Project("{FAE04EC0-301F-11D3-BF4B-00C04F79EFBC}") = "UILibrary", "Samples\Managed\UILibrary\UILibrary.csproj", "{2D221641-373C-4532-8BCE-D9E251E123E3}"
EndProject
Global
	GlobalSection(SolutionConfigurationPlatforms) = preSolution
		Debug|Any CPU = Debug|Any CPU
		Debug|ARM = Debug|ARM
		Debug|ARM64 = Debug|ARM64
		Debug|x64 = Debug|x64
		Debug|x86 = Debug|x86
		Release|Any CPU = Release|Any CPU
		Release|ARM = Release|ARM
		Release|ARM64 = Release|ARM64
		Release|x64 = Release|x64
		Release|x86 = Release|x86
	EndGlobalSection
	GlobalSection(ProjectConfigurationPlatforms) = postSolution
		{832E0751-9446-42BB-BAB4-E0E86DAA86B7}.Debug|Any CPU.ActiveCfg = Debug|x86
		{832E0751-9446-42BB-BAB4-E0E86DAA86B7}.Debug|ARM.ActiveCfg = Debug|x86
		{832E0751-9446-42BB-BAB4-E0E86DAA86B7}.Debug|ARM64.ActiveCfg = Debug|x86
		{832E0751-9446-42BB-BAB4-E0E86DAA86B7}.Debug|x64.ActiveCfg = Debug|x64
		{832E0751-9446-42BB-BAB4-E0E86DAA86B7}.Debug|x64.Build.0 = Debug|x64
		{832E0751-9446-42BB-BAB4-E0E86DAA86B7}.Debug|x86.ActiveCfg = Debug|x86
		{832E0751-9446-42BB-BAB4-E0E86DAA86B7}.Debug|x86.Build.0 = Debug|x86
		{832E0751-9446-42BB-BAB4-E0E86DAA86B7}.Release|Any CPU.ActiveCfg = Release|x86
		{832E0751-9446-42BB-BAB4-E0E86DAA86B7}.Release|ARM.ActiveCfg = Release|x86
		{832E0751-9446-42BB-BAB4-E0E86DAA86B7}.Release|ARM64.ActiveCfg = Release|x86
		{832E0751-9446-42BB-BAB4-E0E86DAA86B7}.Release|x64.ActiveCfg = Release|x64
		{832E0751-9446-42BB-BAB4-E0E86DAA86B7}.Release|x64.Build.0 = Release|x64
		{832E0751-9446-42BB-BAB4-E0E86DAA86B7}.Release|x86.ActiveCfg = Release|x86
		{832E0751-9446-42BB-BAB4-E0E86DAA86B7}.Release|x86.Build.0 = Release|x86
		{20ADB7D3-915D-4150-9E3F-C64DD6677190}.Debug|Any CPU.ActiveCfg = Debug|x86
		{20ADB7D3-915D-4150-9E3F-C64DD6677190}.Debug|ARM.ActiveCfg = Debug|x86
		{20ADB7D3-915D-4150-9E3F-C64DD6677190}.Debug|ARM64.ActiveCfg = Debug|x86
		{20ADB7D3-915D-4150-9E3F-C64DD6677190}.Debug|x64.ActiveCfg = Debug|x64
		{20ADB7D3-915D-4150-9E3F-C64DD6677190}.Debug|x64.Build.0 = Debug|x64
		{20ADB7D3-915D-4150-9E3F-C64DD6677190}.Debug|x64.Deploy.0 = Debug|x64
		{20ADB7D3-915D-4150-9E3F-C64DD6677190}.Debug|x86.ActiveCfg = Debug|x86
		{20ADB7D3-915D-4150-9E3F-C64DD6677190}.Debug|x86.Build.0 = Debug|x86
		{20ADB7D3-915D-4150-9E3F-C64DD6677190}.Debug|x86.Deploy.0 = Debug|x86
		{20ADB7D3-915D-4150-9E3F-C64DD6677190}.Release|Any CPU.ActiveCfg = Release|x86
		{20ADB7D3-915D-4150-9E3F-C64DD6677190}.Release|ARM.ActiveCfg = Release|x86
		{20ADB7D3-915D-4150-9E3F-C64DD6677190}.Release|ARM64.ActiveCfg = Release|x86
		{20ADB7D3-915D-4150-9E3F-C64DD6677190}.Release|x64.ActiveCfg = Release|x64
		{20ADB7D3-915D-4150-9E3F-C64DD6677190}.Release|x64.Build.0 = Release|x64
		{20ADB7D3-915D-4150-9E3F-C64DD6677190}.Release|x64.Deploy.0 = Release|x64
		{20ADB7D3-915D-4150-9E3F-C64DD6677190}.Release|x86.ActiveCfg = Release|x86
		{20ADB7D3-915D-4150-9E3F-C64DD6677190}.Release|x86.Build.0 = Release|x86
		{20ADB7D3-915D-4150-9E3F-C64DD6677190}.Release|x86.Deploy.0 = Release|x86
		{D9AAF34D-274B-4481-BA7A-261A91735329}.Debug|Any CPU.ActiveCfg = Debug|x86
		{D9AAF34D-274B-4481-BA7A-261A91735329}.Debug|ARM.ActiveCfg = Debug|ARM
		{D9AAF34D-274B-4481-BA7A-261A91735329}.Debug|ARM.Build.0 = Debug|ARM
		{D9AAF34D-274B-4481-BA7A-261A91735329}.Debug|ARM.Deploy.0 = Debug|ARM
		{D9AAF34D-274B-4481-BA7A-261A91735329}.Debug|ARM64.ActiveCfg = Debug|ARM64
		{D9AAF34D-274B-4481-BA7A-261A91735329}.Debug|ARM64.Build.0 = Debug|ARM64
		{D9AAF34D-274B-4481-BA7A-261A91735329}.Debug|ARM64.Deploy.0 = Debug|ARM64
		{D9AAF34D-274B-4481-BA7A-261A91735329}.Debug|x64.ActiveCfg = Debug|x64
		{D9AAF34D-274B-4481-BA7A-261A91735329}.Debug|x64.Build.0 = Debug|x64
		{D9AAF34D-274B-4481-BA7A-261A91735329}.Debug|x64.Deploy.0 = Debug|x64
		{D9AAF34D-274B-4481-BA7A-261A91735329}.Debug|x86.ActiveCfg = Debug|x86
		{D9AAF34D-274B-4481-BA7A-261A91735329}.Debug|x86.Build.0 = Debug|x86
		{D9AAF34D-274B-4481-BA7A-261A91735329}.Debug|x86.Deploy.0 = Debug|x86
		{D9AAF34D-274B-4481-BA7A-261A91735329}.Release|Any CPU.ActiveCfg = Release|x86
		{D9AAF34D-274B-4481-BA7A-261A91735329}.Release|ARM.ActiveCfg = Release|ARM
		{D9AAF34D-274B-4481-BA7A-261A91735329}.Release|ARM.Build.0 = Release|ARM
		{D9AAF34D-274B-4481-BA7A-261A91735329}.Release|ARM.Deploy.0 = Release|ARM
		{D9AAF34D-274B-4481-BA7A-261A91735329}.Release|ARM64.ActiveCfg = Release|ARM64
		{D9AAF34D-274B-4481-BA7A-261A91735329}.Release|ARM64.Build.0 = Release|ARM64
		{D9AAF34D-274B-4481-BA7A-261A91735329}.Release|ARM64.Deploy.0 = Release|ARM64
		{D9AAF34D-274B-4481-BA7A-261A91735329}.Release|x64.ActiveCfg = Release|x64
		{D9AAF34D-274B-4481-BA7A-261A91735329}.Release|x64.Build.0 = Release|x64
		{D9AAF34D-274B-4481-BA7A-261A91735329}.Release|x86.ActiveCfg = Release|x86
		{D9AAF34D-274B-4481-BA7A-261A91735329}.Release|x86.Build.0 = Release|x86
		{D9AAF34D-274B-4481-BA7A-261A91735329}.Release|x86.Deploy.0 = Release|x86
		{5ABF3A30-B0F5-44D7-AEFC-414B90AD4F97}.Debug|Any CPU.ActiveCfg = Debug|x86
		{5ABF3A30-B0F5-44D7-AEFC-414B90AD4F97}.Debug|ARM.ActiveCfg = Debug|x86
		{5ABF3A30-B0F5-44D7-AEFC-414B90AD4F97}.Debug|ARM64.ActiveCfg = Debug|x86
		{5ABF3A30-B0F5-44D7-AEFC-414B90AD4F97}.Debug|x64.ActiveCfg = Debug|x64
		{5ABF3A30-B0F5-44D7-AEFC-414B90AD4F97}.Debug|x64.Build.0 = Debug|x64
		{5ABF3A30-B0F5-44D7-AEFC-414B90AD4F97}.Debug|x86.ActiveCfg = Debug|x86
		{5ABF3A30-B0F5-44D7-AEFC-414B90AD4F97}.Debug|x86.Build.0 = Debug|x86
		{5ABF3A30-B0F5-44D7-AEFC-414B90AD4F97}.Release|Any CPU.ActiveCfg = Release|x86
		{5ABF3A30-B0F5-44D7-AEFC-414B90AD4F97}.Release|ARM.ActiveCfg = Release|x86
		{5ABF3A30-B0F5-44D7-AEFC-414B90AD4F97}.Release|ARM64.ActiveCfg = Release|x86
		{5ABF3A30-B0F5-44D7-AEFC-414B90AD4F97}.Release|x64.ActiveCfg = Release|x64
		{5ABF3A30-B0F5-44D7-AEFC-414B90AD4F97}.Release|x64.Build.0 = Release|x64
		{5ABF3A30-B0F5-44D7-AEFC-414B90AD4F97}.Release|x86.ActiveCfg = Release|x86
		{5ABF3A30-B0F5-44D7-AEFC-414B90AD4F97}.Release|x86.Build.0 = Release|x86
		{C3969D6C-706F-4AEC-93A2-BF9D3C9C459C}.Debug|Any CPU.ActiveCfg = Debug|Win32
		{C3969D6C-706F-4AEC-93A2-BF9D3C9C459C}.Debug|ARM.ActiveCfg = Debug|ARM
		{C3969D6C-706F-4AEC-93A2-BF9D3C9C459C}.Debug|ARM.Build.0 = Debug|ARM
		{C3969D6C-706F-4AEC-93A2-BF9D3C9C459C}.Debug|ARM64.ActiveCfg = Debug|Win32
		{C3969D6C-706F-4AEC-93A2-BF9D3C9C459C}.Debug|x64.ActiveCfg = Debug|x64
		{C3969D6C-706F-4AEC-93A2-BF9D3C9C459C}.Debug|x64.Build.0 = Debug|x64
		{C3969D6C-706F-4AEC-93A2-BF9D3C9C459C}.Debug|x86.ActiveCfg = Debug|Win32
		{C3969D6C-706F-4AEC-93A2-BF9D3C9C459C}.Debug|x86.Build.0 = Debug|Win32
		{C3969D6C-706F-4AEC-93A2-BF9D3C9C459C}.Release|Any CPU.ActiveCfg = Release|Win32
		{C3969D6C-706F-4AEC-93A2-BF9D3C9C459C}.Release|ARM.ActiveCfg = Release|ARM
		{C3969D6C-706F-4AEC-93A2-BF9D3C9C459C}.Release|ARM.Build.0 = Release|ARM
		{C3969D6C-706F-4AEC-93A2-BF9D3C9C459C}.Release|ARM64.ActiveCfg = Release|Win32
		{C3969D6C-706F-4AEC-93A2-BF9D3C9C459C}.Release|x64.ActiveCfg = Release|x64
		{C3969D6C-706F-4AEC-93A2-BF9D3C9C459C}.Release|x64.Build.0 = Release|x64
		{C3969D6C-706F-4AEC-93A2-BF9D3C9C459C}.Release|x86.ActiveCfg = Release|Win32
		{C3969D6C-706F-4AEC-93A2-BF9D3C9C459C}.Release|x86.Build.0 = Release|Win32
		{2D221641-373C-4532-8BCE-D9E251E123E3}.Debug|Any CPU.ActiveCfg = Debug|Any CPU
		{2D221641-373C-4532-8BCE-D9E251E123E3}.Debug|Any CPU.Build.0 = Debug|Any CPU
		{2D221641-373C-4532-8BCE-D9E251E123E3}.Debug|ARM.ActiveCfg = Debug|ARM
		{2D221641-373C-4532-8BCE-D9E251E123E3}.Debug|ARM.Build.0 = Debug|ARM
		{2D221641-373C-4532-8BCE-D9E251E123E3}.Debug|ARM64.ActiveCfg = Debug|ARM64
		{2D221641-373C-4532-8BCE-D9E251E123E3}.Debug|ARM64.Build.0 = Debug|ARM64
		{2D221641-373C-4532-8BCE-D9E251E123E3}.Debug|x64.ActiveCfg = Debug|x64
		{2D221641-373C-4532-8BCE-D9E251E123E3}.Debug|x64.Build.0 = Debug|x64
		{2D221641-373C-4532-8BCE-D9E251E123E3}.Debug|x86.ActiveCfg = Debug|x86
		{2D221641-373C-4532-8BCE-D9E251E123E3}.Debug|x86.Build.0 = Debug|x86
		{2D221641-373C-4532-8BCE-D9E251E123E3}.Release|Any CPU.ActiveCfg = Release|Any CPU
		{2D221641-373C-4532-8BCE-D9E251E123E3}.Release|Any CPU.Build.0 = Release|Any CPU
		{2D221641-373C-4532-8BCE-D9E251E123E3}.Release|ARM.ActiveCfg = Release|ARM
		{2D221641-373C-4532-8BCE-D9E251E123E3}.Release|ARM.Build.0 = Release|ARM
		{2D221641-373C-4532-8BCE-D9E251E123E3}.Release|ARM64.ActiveCfg = Release|ARM64
		{2D221641-373C-4532-8BCE-D9E251E123E3}.Release|ARM64.Build.0 = Release|ARM64
		{2D221641-373C-4532-8BCE-D9E251E123E3}.Release|x64.ActiveCfg = Release|x64
		{2D221641-373C-4532-8BCE-D9E251E123E3}.Release|x64.Build.0 = Release|x64
		{2D221641-373C-4532-8BCE-D9E251E123E3}.Release|x86.ActiveCfg = Release|x86
		{2D221641-373C-4532-8BCE-D9E251E123E3}.Release|x86.Build.0 = Release|x86
	EndGlobalSection
	GlobalSection(SolutionProperties) = preSolution
		HideSolutionNode = FALSE
	EndGlobalSection
	GlobalSection(ExtensibilityGlobals) = postSolution
		SolutionGuid = {5986B836-81C1-43AD-A182-D9F1E858ADB1}
	EndGlobalSection
EndGlobal
